
Microsoft Visual Studio Solution File, Format Version 12.00
# Visual Studio 15
VisualStudioVersion = 15.0.27428.2002
MinimumVisualStudioVersion = 10.0.40219.1
Project("{FAE04EC0-301F-11D3-BF4B-00C04F79EFBC}") = "car_tuning", "car_tuning\car_tuning.csproj", "{169C8D58-E742-4343-8D81-48580ABE9A72}"
EndProject
Global
	GlobalSection(SolutionConfigurationPlatforms) = preSolution
		Debug|Any CPU = Debug|Any CPU
		Release|Any CPU = Release|Any CPU
	EndGlobalSection
	GlobalSection(ProjectConfigurationPlatforms) = postSolution
		{169C8D58-E742-4343-8D81-48580ABE9A72}.Debug|Any CPU.ActiveCfg = Debug|Any CPU
		{169C8D58-E742-4343-8D81-48580ABE9A72}.Debug|Any CPU.Build.0 = Debug|Any CPU
		{169C8D58-E742-4343-8D81-48580ABE9A72}.Release|Any CPU.ActiveCfg = Release|Any CPU
		{169C8D58-E742-4343-8D81-48580ABE9A72}.Release|Any CPU.Build.0 = Release|Any CPU
	EndGlobalSection
	GlobalSection(SolutionProperties) = preSolution
		HideSolutionNode = FALSE
	EndGlobalSection
	GlobalSection(ExtensibilityGlobals) = postSolution
		SolutionGuid = {7EB7449E-1267-45B1-96C3-F8849600DD81}
	EndGlobalSection
EndGlobal
